// !$*UTF8*$!
{
	archiveVersion = 1;
	classes = {
	};
	objectVersion = 50;
	objects = {

/* Begin PBXBuildFile section */
		8CE7708821BDC0B7007D4D27 /* AppDelegate.swift in Sources */ = {isa = PBXBuildFile; fileRef = 8CE7708721BDC0B7007D4D27 /* AppDelegate.swift */; };
		8CE7708D21BDC0B7007D4D27 /* Main.storyboard in Resources */ = {isa = PBXBuildFile; fileRef = 8CE7708B21BDC0B7007D4D27 /* Main.storyboard */; };
		8CE7708F21BDC0BA007D4D27 /* Assets.xcassets in Resources */ = {isa = PBXBuildFile; fileRef = 8CE7708E21BDC0BA007D4D27 /* Assets.xcassets */; };
		8CE7709221BDC0BA007D4D27 /* LaunchScreen.storyboard in Resources */ = {isa = PBXBuildFile; fileRef = 8CE7709021BDC0BA007D4D27 /* LaunchScreen.storyboard */; };
		8CE7709C21BDC4E1007D4D27 /* TodayViewController.swift in Sources */ = {isa = PBXBuildFile; fileRef = 8CE7709B21BDC4E1007D4D27 /* TodayViewController.swift */; };
		8CE7709E21BDC501007D4D27 /* HealthViewController.swift in Sources */ = {isa = PBXBuildFile; fileRef = 8CE7709D21BDC501007D4D27 /* HealthViewController.swift */; };
		8CE770A021BDC513007D4D27 /* MedicalViewController.swift in Sources */ = {isa = PBXBuildFile; fileRef = 8CE7709F21BDC513007D4D27 /* MedicalViewController.swift */; };
		8CE770A221BDC528007D4D27 /* SourcesViewController.swift in Sources */ = {isa = PBXBuildFile; fileRef = 8CE770A121BDC528007D4D27 /* SourcesViewController.swift */; };
/* End PBXBuildFile section */

/* Begin PBXFileReference section */
		8CE7708421BDC0B7007D4D27 /* Tab Bar.app */ = {isa = PBXFileReference; explicitFileType = wrapper.application; includeInIndex = 0; path = "Tab Bar.app"; sourceTree = BUILT_PRODUCTS_DIR; };
		8CE7708721BDC0B7007D4D27 /* AppDelegate.swift */ = {isa = PBXFileReference; lastKnownFileType = sourcecode.swift; path = AppDelegate.swift; sourceTree = "<group>"; };
		8CE7708C21BDC0B7007D4D27 /* Base */ = {isa = PBXFileReference; lastKnownFileType = file.storyboard; name = Base; path = Base.lproj/Main.storyboard; sourceTree = "<group>"; };
		8CE7708E21BDC0BA007D4D27 /* Assets.xcassets */ = {isa = PBXFileReference; lastKnownFileType = folder.assetcatalog; path = Assets.xcassets; sourceTree = "<group>"; };
		8CE7709121BDC0BA007D4D27 /* Base */ = {isa = PBXFileReference; lastKnownFileType = file.storyboard; name = Base; path = Base.lproj/LaunchScreen.storyboard; sourceTree = "<group>"; };
		8CE7709321BDC0BA007D4D27 /* Info.plist */ = {isa = PBXFileReference; lastKnownFileType = text.plist.xml; path = Info.plist; sourceTree = "<group>"; };
		8CE7709B21BDC4E1007D4D27 /* TodayViewController.swift */ = {isa = PBXFileReference; lastKnownFileType = sourcecode.swift; path = TodayViewController.swift; sourceTree = "<group>"; };
		8CE7709D21BDC501007D4D27 /* HealthViewController.swift */ = {isa = PBXFileReference; lastKnownFileType = sourcecode.swift; path = HealthViewController.swift; sourceTree = "<group>"; };
		8CE7709F21BDC513007D4D27 /* MedicalViewController.swift */ = {isa = PBXFileReference; lastKnownFileType = sourcecode.swift; path = MedicalViewController.swift; sourceTree = "<group>"; };
		8CE770A121BDC528007D4D27 /* SourcesViewController.swift */ = {isa = PBXFileReference; lastKnownFileType = sourcecode.swift; path = SourcesViewController.swift; sourceTree = "<group>"; };
/* End PBXFileReference section */

/* Begin PBXFrameworksBuildPhase section */
		8CE7708121BDC0B7007D4D27 /* Frameworks */ = {
			isa = PBXFrameworksBuildPhase;
			buildActionMask = 2147483647;
			files = (
			);
			runOnlyForDeploymentPostprocessing = 0;
		};
/* End PBXFrameworksBuildPhase section */

/* Begin PBXGroup section */
		8CE7707B21BDC0B7007D4D27 = {
			isa = PBXGroup;
			children = (
				8CE7708621BDC0B7007D4D27 /* Tab Bar */,
				8CE7708521BDC0B7007D4D27 /* Products */,
			);
			sourceTree = "<group>";
		};
		8CE7708521BDC0B7007D4D27 /* Products */ = {
			isa = PBXGroup;
			children = (
				8CE7708421BDC0B7007D4D27 /* Tab Bar.app */,
			);
			name = Products;
			sourceTree = "<group>";
		};
		8CE7708621BDC0B7007D4D27 /* Tab Bar */ = {
			isa = PBXGroup;
			children = (
				8CE7708721BDC0B7007D4D27 /* AppDelegate.swift */,
				8CE7708B21BDC0B7007D4D27 /* Main.storyboard */,
				8CE7708E21BDC0BA007D4D27 /* Assets.xcassets */,
				8CE7709021BDC0BA007D4D27 /* LaunchScreen.storyboard */,
				8CE7709321BDC0BA007D4D27 /* Info.plist */,
				8CE7709B21BDC4E1007D4D27 /* TodayViewController.swift */,
				8CE7709D21BDC501007D4D27 /* HealthViewController.swift */,
				8CE7709F21BDC513007D4D27 /* MedicalViewController.swift */,
				8CE770A121BDC528007D4D27 /* SourcesViewController.swift */,
			);
			path = "Tab Bar";
			sourceTree = "<group>";
		};
/* End PBXGroup section */

/* Begin PBXNativeTarget section */
		8CE7708321BDC0B7007D4D27 /* Tab Bar */ = {
			isa = PBXNativeTarget;
			buildConfigurationList = 8CE7709621BDC0BA007D4D27 /* Build configuration list for PBXNativeTarget "Tab Bar" */;
			buildPhases = (
				8CE7708021BDC0B7007D4D27 /* Sources */,
				8CE7708121BDC0B7007D4D27 /* Frameworks */,
				8CE7708221BDC0B7007D4D27 /* Resources */,
			);
			buildRules = (
			);
			dependencies = (
			);
			name = "Tab Bar";
			productName = "Tab Bar";
			productReference = 8CE7708421BDC0B7007D4D27 /* Tab Bar.app */;
			productType = "com.apple.product-type.application";
		};
/* End PBXNativeTarget section */

/* Begin PBXProject section */
		8CE7707C21BDC0B7007D4D27 /* Project object */ = {
			isa = PBXProject;
			attributes = {
				LastSwiftUpdateCheck = 1010;
				LastUpgradeCheck = 1010;
				ORGANIZATIONNAME = FabianIsai;
				TargetAttributes = {
					8CE7708321BDC0B7007D4D27 = {
						CreatedOnToolsVersion = 10.1;
					};
				};
			};
			buildConfigurationList = 8CE7707F21BDC0B7007D4D27 /* Build configuration list for PBXProject "Tab Bar" */;
			compatibilityVersion = "Xcode 9.3";
			developmentRegion = en;
			hasScannedForEncodings = 0;
			knownRegions = (
				en,
				Base,
			);
			mainGroup = 8CE7707B21BDC0B7007D4D27;
			productRefGroup = 8CE7708521BDC0B7007D4D27 /* Products */;
			projectDirPath = "";
			projectRoot = "";
			targets = (
				8CE7708321BDC0B7007D4D27 /* Tab Bar */,
			);
		};
/* End PBXProject section */

/* Begin PBXResourcesBuildPhase section */
		8CE7708221BDC0B7007D4D27 /* Resources */ = {
			isa = PBXResourcesBuildPhase;
			buildActionMask = 2147483647;
			files = (
				8CE7709221BDC0BA007D4D27 /* LaunchScreen.storyboard in Resources */,
				8CE7708F21BDC0BA007D4D27 /* Assets.xcassets in Resources */,
				8CE7708D21BDC0B7007D4D27 /* Main.storyboard in Resources */,
			);
			runOnlyForDeploymentPostprocessing = 0;
		};
/* End PBXResourcesBuildPhase section */

/* Begin PBXSourcesBuildPhase section */
		8CE7708021BDC0B7007D4D27 /* Sources */ = {
			isa = PBXSourcesBuildPhase;
			buildActionMask = 2147483647;
			files = (
				8CE770A021BDC513007D4D27 /* MedicalViewController.swift in Sources */,
				8CE770A221BDC528007D4D27 /* SourcesViewController.swift in Sources */,
				8CE7709C21BDC4E1007D4D27 /* TodayViewController.swift in Sources */,
				8CE7709E21BDC501007D4D27 /* HealthViewController.swift in Sources */,
				8CE7708821BDC0B7007D4D27 /* AppDelegate.swift in Sources */,
			);
			runOnlyForDeploymentPostprocessing = 0;
		};
/* End PBXSourcesBuildPhase section */

/* Begin PBXVariantGroup section */
		8CE7708B21BDC0B7007D4D27 /* Main.storyboard */ = {
			isa = PBXVariantGroup;
			children = (
				8CE7708C21BDC0B7007D4D27 /* Base */,
			);
			name = Main.storyboard;
			sourceTree = "<group>";
		};
		8CE7709021BDC0BA007D4D27 /* LaunchScreen.storyboard */ = {
			isa = PBXVariantGroup;
			children = (
				8CE7709121BDC0BA007D4D27 /* Base */,
			);
			name = LaunchScreen.storyboard;
			sourceTree = "<group>";
		};
/* End PBXVariantGroup section */

/* Begin XCBuildConfiguration section */
		8CE7709421BDC0BA007D4D27 /* Debug */ = {
			isa = XCBuildConfiguration;
			buildSettings = {
				ALWAYS_SEARCH_USER_PATHS = NO;
				CLANG_ANALYZER_NONNULL = YES;
				CLANG_ANALYZER_NUMBER_OBJECT_CONVERSION = YES_AGGRESSIVE;
				CLANG_CXX_LANGUAGE_STANDARD = "gnu++14";
				CLANG_CXX_LIBRARY = "libc++";
				CLANG_ENABLE_MODULES = YES;
				CLANG_ENABLE_OBJC_ARC = YES;
				CLANG_ENABLE_OBJC_WEAK = YES;
				CLANG_WARN_BLOCK_CAPTURE_AUTORELEASING = YES;
				CLANG_WARN_BOOL_CONVERSION = YES;
				CLANG_WARN_COMMA = YES;
				CLANG_WARN_CONSTANT_CONVERSION = YES;
				CLANG_WARN_DEPRECATED_OBJC_IMPLEMENTATIONS = YES;
				CLANG_WARN_DIRECT_OBJC_ISA_USAGE = YES_ERROR;
				CLANG_WARN_DOCUMENTATION_COMMENTS = YES;
				CLANG_WARN_EMPTY_BODY = YES;
				CLANG_WARN_ENUM_CONVERSION = YES;
				CLANG_WARN_INFINITE_RECURSION = YES;
				CLANG_WARN_INT_CONVERSION = YES;
				CLANG_WARN_NON_LITERAL_NULL_CONVERSION = YES;
				CLANG_WARN_OBJC_IMPLICIT_RETAIN_SELF = YES;
				CLANG_WARN_OBJC_LITERAL_CONVERSION = YES;
				CLANG_WARN_OBJC_ROOT_CLASS = YES_ERROR;
				CLANG_WARN_RANGE_LOOP_ANALYSIS = YES;
				CLANG_WARN_STRICT_PROTOTYPES = YES;
				CLANG_WARN_SUSPICIOUS_MOVE = YES;
				CLANG_WARN_UNGUARDED_AVAILABILITY = YES_AGGRESSIVE;
				CLANG_WARN_UNREACHABLE_CODE = YES;
				CLANG_WARN__DUPLICATE_METHOD_MATCH = YES;
				CODE_SIGN_IDENTITY = "iPhone Developer";
				COPY_PHASE_STRIP = NO;
				DEBUG_INFORMATION_FORMAT = dwarf;
				ENABLE_STRICT_OBJC_MSGSEND = YES;
				ENABLE_TESTABILITY = YES;
				GCC_C_LANGUAGE_STANDARD = gnu11;
				GCC_DYNAMIC_NO_PIC = NO;
				GCC_NO_COMMON_BLOCKS = YES;
				GCC_OPTIMIZATION_LEVEL = 0;
				GCC_PREPROCESSOR_DEFINITIONS = (
					"DEBUG=1",
					"$(inherited)",
				);
				GCC_WARN_64_TO_32_BIT_CONVERSION = YES;
				GCC_WARN_ABOUT_RETURN_TYPE = YES_ERROR;
				GCC_WARN_UNDECLARED_SELECTOR = YES;
				GCC_WARN_UNINITIALIZED_AUTOS = YES_AGGRESSIVE;
				GCC_WARN_UNUSED_FUNCTION = YES;
				GCC_WARN_UNUSED_VARIABLE = YES;
				IPHONEOS_DEPLOYMENT_TARGET = 12.1;
				MTL_ENABLE_DEBUG_INFO = INCLUDE_SOURCE;
				MTL_FAST_MATH = YES;
				ONLY_ACTIVE_ARCH = YES;
				SDKROOT = iphoneos;
				SWIFT_ACTIVE_COMPILATION_CONDITIONS = DEBUG;
				SWIFT_OPTIMIZATION_LEVEL = "-Onone";
			};
			name = Debug;
		};
		8CE7709521BDC0BA007D4D27 /* Release */ = {
			isa = XCBuildConfiguration;
			buildSettings = {
				ALWAYS_SEARCH_USER_PATHS = NO;
				CLANG_ANALYZER_NONNULL = YES;
				CLANG_ANALYZER_NUMBER_OBJECT_CONVERSION = YES_AGGRESSIVE;
				CLANG_CXX_LANGUAGE_STANDARD = "gnu++14";
				CLANG_CXX_LIBRARY = "libc++";
				CLANG_ENABLE_MODULES = YES;
				CLANG_ENABLE_OBJC_ARC = YES;
				CLANG_ENABLE_OBJC_WEAK = YES;
				CLANG_WARN_BLOCK_CAPTURE_AUTORELEASING = YES;
				CLANG_WARN_BOOL_CONVERSION = YES;
				CLANG_WARN_COMMA = YES;
				CLANG_WARN_CONSTANT_CONVERSION = YES;
				CLANG_WARN_DEPRECATED_OBJC_IMPLEMENTATIONS = YES;
				CLANG_WARN_DIRECT_OBJC_ISA_USAGE = YES_ERROR;
				CLANG_WARN_DOCUMENTATION_COMMENTS = YES;
				CLANG_WARN_EMPTY_BODY = YES;
				CLANG_WARN_ENUM_CONVERSION = YES;
				CLANG_WARN_INFINITE_RECURSION = YES;
				CLANG_WARN_INT_CONVERSION = YES;
				CLANG_WARN_NON_LITERAL_NULL_CONVERSION = YES;
				CLANG_WARN_OBJC_IMPLICIT_RETAIN_SELF = YES;
				CLANG_WARN_OBJC_LITERAL_CONVERSION = YES;
				CLANG_WARN_OBJC_ROOT_CLASS = YES_ERROR;
				CLANG_WARN_RANGE_LOOP_ANALYSIS = YES;
				CLANG_WARN_STRICT_PROTOTYPES = YES;
				CLANG_WARN_SUSPICIOUS_MOVE = YES;
				CLANG_WARN_UNGUARDED_AVAILABILITY = YES_AGGRESSIVE;
				CLANG_WARN_UNREACHABLE_CODE = YES;
				CLANG_WARN__DUPLICATE_METHOD_MATCH = YES;
				CODE_SIGN_IDENTITY = "iPhone Developer";
				COPY_PHASE_STRIP = NO;
				DEBUG_INFORMATION_FORMAT = "dwarf-with-dsym";
				ENABLE_NS_ASSERTIONS = NO;
				ENABLE_STRICT_OBJC_MSGSEND = YES;
				GCC_C_LANGUAGE_STANDARD = gnu11;
				GCC_NO_COMMON_BLOCKS = YES;
				GCC_WARN_64_TO_32_BIT_CONVERSION = YES;
				GCC_WARN_ABOUT_RETURN_TYPE = YES_ERROR;
				GCC_WARN_UNDECLARED_SELECTOR = YES;
				GCC_WARN_UNINITIALIZED_AUTOS = YES_AGGRESSIVE;
				GCC_WARN_UNUSED_FUNCTION = YES;
				GCC_WARN_UNUSED_VARIABLE = YES;
				IPHONEOS_DEPLOYMENT_TARGET = 12.1;
				MTL_ENABLE_DEBUG_INFO = NO;
				MTL_FAST_MATH = YES;
				SDKROOT = iphoneos;
				SWIFT_COMPILATION_MODE = wholemodule;
				SWIFT_OPTIMIZATION_LEVEL = "-O";
				VALIDATE_PRODUCT = YES;
			};
			name = Release;
		};
		8CE7709721BDC0BA007D4D27 /* Debug */ = {
			isa = XCBuildConfiguration;
			buildSettings = {
				ASSETCATALOG_COMPILER_APPICON_NAME = AppIcon;
				CODE_SIGN_STYLE = Automatic;
				DEVELOPMENT_TEAM = FSGNPC4S73;
				INFOPLIST_FILE = "Tab Bar/Info.plist";
				LD_RUNPATH_SEARCH_PATHS = (
					"$(inherited)",
					"@executable_path/Frameworks",
				);
				PRODUCT_BUNDLE_IDENTIFIER = "com.fabianisai.Tab-Bar";
				PRODUCT_NAME = "$(TARGET_NAME)";
				SWIFT_VERSION = 4.2;
				TARGETED_DEVICE_FAMILY = "1,2";
			};
			name = Debug;
		};
		8CE7709821BDC0BA007D4D27 /* Release */ = {
			isa = XCBuildConfiguration;
			buildSettings = {
				ASSETCATALOG_COMPILER_APPICON_NAME = AppIcon;
				CODE_SIGN_STYLE = Automatic;
				DEVELOPMENT_TEAM = FSGNPC4S73;
				INFOPLIST_FILE = "Tab Bar/Info.plist";
				LD_RUNPATH_SEARCH_PATHS = (
					"$(inherited)",
					"@executable_path/Frameworks",
				);
				PRODUCT_BUNDLE_IDENTIFIER = "com.fabianisai.Tab-Bar";
				PRODUCT_NAME = "$(TARGET_NAME)";
				SWIFT_VERSION = 4.2;
				TARGETED_DEVICE_FAMILY = "1,2";
			};
			name = Release;
		};
/* End XCBuildConfiguration section */

/* Begin XCConfigurationList section */
		8CE7707F21BDC0B7007D4D27 /* Build configuration list for PBXProject "Tab Bar" */ = {
			isa = XCConfigurationList;
			buildConfigurations = (
				8CE7709421BDC0BA007D4D27 /* Debug */,
				8CE7709521BDC0BA007D4D27 /* Release */,
			);
			defaultConfigurationIsVisible = 0;
			defaultConfigurationName = Release;
		};
		8CE7709621BDC0BA007D4D27 /* Build configuration list for PBXNativeTarget "Tab Bar" */ = {
			isa = XCConfigurationList;
			buildConfigurations = (
				8CE7709721BDC0BA007D4D27 /* Debug */,
				8CE7709821BDC0BA007D4D27 /* Release */,
			);
			defaultConfigurationIsVisible = 0;
			defaultConfigurationName = Release;
		};
/* End XCConfigurationList section */
	};
	rootObject = 8CE7707C21BDC0B7007D4D27 /* Project object */;
}
